
Microsoft Visual Studio Solution File, Format Version 12.00
# Visual Studio Version 16
VisualStudioVersion = 16.0.29519.181
MinimumVisualStudioVersion = 10.0.40219.1
Project("{FAE04EC0-301F-11D3-BF4B-00C04F79EFBC}") = "InventoryManagement", "InventoryManagement.csproj", "{6746F4DF-2EC0-47BA-8177-704A4987386D}"
EndProject
Global
	GlobalSection(SolutionConfigurationPlatforms) = preSolution
		Debug|Any CPU = Debug|Any CPU
		Release|Any CPU = Release|Any CPU
	EndGlobalSection
	GlobalSection(ProjectConfigurationPlatforms) = postSolution
		{6746F4DF-2EC0-47BA-8177-704A4987386D}.Debug|Any CPU.ActiveCfg = Debug|Any CPU
		{6746F4DF-2EC0-47BA-8177-704A4987386D}.Debug|Any CPU.Build.0 = Debug|Any CPU
		{6746F4DF-2EC0-47BA-8177-704A4987386D}.Release|Any CPU.ActiveCfg = Release|Any CPU
		{6746F4DF-2EC0-47BA-8177-704A4987386D}.Release|Any CPU.Build.0 = Release|Any CPU
	EndGlobalSection
	GlobalSection(SolutionProperties) = preSolution
		HideSolutionNode = FALSE
	EndGlobalSection
	GlobalSection(ExtensibilityGlobals) = postSolution
		SolutionGuid = {A6B6AB37-F5FA-4452-ACAE-C2C9729423CB}
	EndGlobalSection
EndGlobal
